
Microsoft Visual Studio Solution File, Format Version 12.00
# Visual Studio Version 17
VisualStudioVersion = 17.9.34723.18
MinimumVisualStudioVersion = 10.0.40219.1
Project("{FAE04EC0-301F-11D3-BF4B-00C04F79EFBC}") = "fr", "fr.csproj", "{C73295A5-0A20-4E82-B280-1B6B2329555F}"
EndProject
Global
	GlobalSection(SolutionConfigurationPlatforms) = preSolution
		Debug|Any CPU = Debug|Any CPU
		Release|Any CPU = Release|Any CPU
	EndGlobalSection
	GlobalSection(ProjectConfigurationPlatforms) = postSolution
		{C73295A5-0A20-4E82-B280-1B6B2329555F}.Debug|Any CPU.ActiveCfg = Debug|Any CPU
		{C73295A5-0A20-4E82-B280-1B6B2329555F}.Debug|Any CPU.Build.0 = Debug|Any CPU
		{C73295A5-0A20-4E82-B280-1B6B2329555F}.Release|Any CPU.ActiveCfg = Release|Any CPU
		{C73295A5-0A20-4E82-B280-1B6B2329555F}.Release|Any CPU.Build.0 = Release|Any CPU
	EndGlobalSection
	GlobalSection(SolutionProperties) = preSolution
		HideSolutionNode = FALSE
	EndGlobalSection
	GlobalSection(ExtensibilityGlobals) = postSolution
		SolutionGuid = {C53FE39D-73B4-45F6-B466-41BFC346CD37}
	EndGlobalSection
EndGlobal
